{
  "originHash" : "476d4a51ba6f58057cb7a4171e25c31785eb90cb4670012ab0e55dcc7d443223",
  "pins" : [
    {
      "identity" : "compositionallist",
      "kind" : "remoteSourceControl",
      "location" : "https://github.com/jarakys/CompositionalList.git",
      "state" : {
        "branch" : "main",
        "revision" : "6e7ca98f163f9b5505364797355b80a569815e31"
      }
    },
    {
      "identity" : "kingfisher",
      "kind" : "remoteSourceControl",
      "location" : "https://github.com/onevcat/Kingfisher.git",
      "state" : {
        "revision" : "4c6b067f96953ee19526e49e4189403a2be21fb3",
        "version" : "8.3.1"
      }
    }
  ],
  "version" : 3
}
